
Microsoft Visual Studio Solution File, Format Version 12.00
# Visual Studio Version 16
VisualStudioVersion = 16.0.30621.155
MinimumVisualStudioVersion = 10.0.40219.1
Project("{FAE04EC0-301F-11D3-BF4B-00C04F79EFBC}") = "ISP", "ISP.csproj", "{D697AB96-FD3C-4CC3-86ED-8FBC151789B3}"
EndProject
Global
	GlobalSection(SolutionConfigurationPlatforms) = preSolution
		Debug|Any CPU = Debug|Any CPU
		Release|Any CPU = Release|Any CPU
	EndGlobalSection
	GlobalSection(ProjectConfigurationPlatforms) = postSolution
		{D697AB96-FD3C-4CC3-86ED-8FBC151789B3}.Debug|Any CPU.ActiveCfg = Debug|Any CPU
		{D697AB96-FD3C-4CC3-86ED-8FBC151789B3}.Debug|Any CPU.Build.0 = Debug|Any CPU
		{D697AB96-FD3C-4CC3-86ED-8FBC151789B3}.Release|Any CPU.ActiveCfg = Release|Any CPU
		{D697AB96-FD3C-4CC3-86ED-8FBC151789B3}.Release|Any CPU.Build.0 = Release|Any CPU
	EndGlobalSection
	GlobalSection(SolutionProperties) = preSolution
		HideSolutionNode = FALSE
	EndGlobalSection
	GlobalSection(ExtensibilityGlobals) = postSolution
		SolutionGuid = {5C62F865-A205-464B-8542-7CE31455D5C5}
	EndGlobalSection
EndGlobal
